// !$*UTF8*$!
{
	archiveVersion = 1;
	classes = {
	};
	objectVersion = 56;
	objects = {

/* Begin PBXBuildFile section */
		1F23738A2B4F60840023EE55 /* VTabView.swift in Sources */ = {isa = PBXBuildFile; fileRef = 1F2373892B4F60840023EE55 /* VTabView.swift */; };
		1F23738C2B4F66BE0023EE55 /* AppFeature.swift in Sources */ = {isa = PBXBuildFile; fileRef = 1F23738B2B4F66BE0023EE55 /* AppFeature.swift */; };
		1F2373902B50A9240023EE55 /* GoogleService-Info.plist in Resources */ = {isa = PBXBuildFile; fileRef = 1F23738F2B50A9240023EE55 /* GoogleService-Info.plist */; };
		1F2373932B50A9970023EE55 /* FirebaseAnalytics in Frameworks */ = {isa = PBXBuildFile; productRef = 1F2373922B50A9970023EE55 /* FirebaseAnalytics */; };
		1F2373952B50A9970023EE55 /* FirebaseAnalyticsOnDeviceConversion in Frameworks */ = {isa = PBXBuildFile; productRef = 1F2373942B50A9970023EE55 /* FirebaseAnalyticsOnDeviceConversion */; };
		1F2373972B50A9970023EE55 /* FirebaseAnalyticsSwift in Frameworks */ = {isa = PBXBuildFile; productRef = 1F2373962B50A9970023EE55 /* FirebaseAnalyticsSwift */; };
		1F2373992B50A9970023EE55 /* FirebaseAnalyticsWithoutAdIdSupport in Frameworks */ = {isa = PBXBuildFile; productRef = 1F2373982B50A9970023EE55 /* FirebaseAnalyticsWithoutAdIdSupport */; };
		1F23739B2B50A9970023EE55 /* FirebaseAppCheck in Frameworks */ = {isa = PBXBuildFile; productRef = 1F23739A2B50A9970023EE55 /* FirebaseAppCheck */; };
		1F23739D2B50A9970023EE55 /* FirebaseAppDistribution-Beta in Frameworks */ = {isa = PBXBuildFile; productRef = 1F23739C2B50A9970023EE55 /* FirebaseAppDistribution-Beta */; };
		1F23739F2B50A9970023EE55 /* FirebaseAuth in Frameworks */ = {isa = PBXBuildFile; productRef = 1F23739E2B50A9970023EE55 /* FirebaseAuth */; };
		1F2373A12B50A9970023EE55 /* FirebaseAuthCombine-Community in Frameworks */ = {isa = PBXBuildFile; productRef = 1F2373A02B50A9970023EE55 /* FirebaseAuthCombine-Community */; };
		1F2373A32B50A9970023EE55 /* FirebaseCrashlytics in Frameworks */ = {isa = PBXBuildFile; productRef = 1F2373A22B50A9970023EE55 /* FirebaseCrashlytics */; };
		1F2373A52B50A9970023EE55 /* FirebaseDatabase in Frameworks */ = {isa = PBXBuildFile; productRef = 1F2373A42B50A9970023EE55 /* FirebaseDatabase */; };
		1F2373A72B50A9970023EE55 /* FirebaseDatabaseSwift in Frameworks */ = {isa = PBXBuildFile; productRef = 1F2373A62B50A9970023EE55 /* FirebaseDatabaseSwift */; };
		1F2373A92B50A9970023EE55 /* FirebaseDynamicLinks in Frameworks */ = {isa = PBXBuildFile; productRef = 1F2373A82B50A9970023EE55 /* FirebaseDynamicLinks */; };
		1F2373AB2B50A9970023EE55 /* FirebaseFirestore in Frameworks */ = {isa = PBXBuildFile; productRef = 1F2373AA2B50A9970023EE55 /* FirebaseFirestore */; };
		1F2373AD2B50A9970023EE55 /* FirebaseFirestoreCombine-Community in Frameworks */ = {isa = PBXBuildFile; productRef = 1F2373AC2B50A9970023EE55 /* FirebaseFirestoreCombine-Community */; };
		1F2373AF2B50A9970023EE55 /* FirebaseFirestoreSwift in Frameworks */ = {isa = PBXBuildFile; productRef = 1F2373AE2B50A9970023EE55 /* FirebaseFirestoreSwift */; };
		1F2373B12B50A9970023EE55 /* FirebaseFunctions in Frameworks */ = {isa = PBXBuildFile; productRef = 1F2373B02B50A9970023EE55 /* FirebaseFunctions */; };
		1F2373B32B50A9970023EE55 /* FirebaseFunctionsCombine-Community in Frameworks */ = {isa = PBXBuildFile; productRef = 1F2373B22B50A9970023EE55 /* FirebaseFunctionsCombine-Community */; };
		1F2373B52B50A9970023EE55 /* FirebaseInAppMessaging-Beta in Frameworks */ = {isa = PBXBuildFile; productRef = 1F2373B42B50A9970023EE55 /* FirebaseInAppMessaging-Beta */; };
		1F2373B72B50A9970023EE55 /* FirebaseInAppMessagingSwift-Beta in Frameworks */ = {isa = PBXBuildFile; productRef = 1F2373B62B50A9970023EE55 /* FirebaseInAppMessagingSwift-Beta */; };
		1F2373B92B50A9970023EE55 /* FirebaseInstallations in Frameworks */ = {isa = PBXBuildFile; productRef = 1F2373B82B50A9970023EE55 /* FirebaseInstallations */; };
		1F2373BB2B50A9970023EE55 /* FirebaseMessaging in Frameworks */ = {isa = PBXBuildFile; productRef = 1F2373BA2B50A9970023EE55 /* FirebaseMessaging */; };
		1F2373BD2B50A9970023EE55 /* FirebasePerformance in Frameworks */ = {isa = PBXBuildFile; productRef = 1F2373BC2B50A9970023EE55 /* FirebasePerformance */; };
		1F2373BF2B50A9970023EE55 /* FirebaseRemoteConfig in Frameworks */ = {isa = PBXBuildFile; productRef = 1F2373BE2B50A9970023EE55 /* FirebaseRemoteConfig */; };
		1F2373C12B50A9970023EE55 /* FirebaseRemoteConfigSwift in Frameworks */ = {isa = PBXBuildFile; productRef = 1F2373C02B50A9970023EE55 /* FirebaseRemoteConfigSwift */; };
		1F2373C32B50A9970023EE55 /* FirebaseStorage in Frameworks */ = {isa = PBXBuildFile; productRef = 1F2373C22B50A9970023EE55 /* FirebaseStorage */; };
		1F2373C52B50A9970023EE55 /* FirebaseStorageCombine-Community in Frameworks */ = {isa = PBXBuildFile; productRef = 1F2373C42B50A9970023EE55 /* FirebaseStorageCombine-Community */; };
		1F2373C82B50AA050023EE55 /* FirestoreNetworking.swift in Sources */ = {isa = PBXBuildFile; fileRef = 1F2373C72B50AA050023EE55 /* FirestoreNetworking.swift */; };
		1F2373CA2B50ABD50023EE55 /* FirebaseStorage.swift in Sources */ = {isa = PBXBuildFile; fileRef = 1F2373C92B50ABD50023EE55 /* FirebaseStorage.swift */; };
		1F2373CD2B50AD8B0023EE55 /* User.swift in Sources */ = {isa = PBXBuildFile; fileRef = 1F2373CC2B50AD8B0023EE55 /* User.swift */; };
		1F2373CF2B50ADDC0023EE55 /* FilmRoll.swift in Sources */ = {isa = PBXBuildFile; fileRef = 1F2373CE2B50ADDC0023EE55 /* FilmRoll.swift */; };
		1F4C8AEA2B33C30E00DD09AE /* Nohemi-Thin.ttf in Resources */ = {isa = PBXBuildFile; fileRef = 1F4C8AE12B33C30E00DD09AE /* Nohemi-Thin.ttf */; };
		1F4C8AEB2B33C30E00DD09AE /* Nohemi-ExtraLight.ttf in Resources */ = {isa = PBXBuildFile; fileRef = 1F4C8AE22B33C30E00DD09AE /* Nohemi-ExtraLight.ttf */; };
		1F4C8AEC2B33C30E00DD09AE /* Nohemi-ExtraBold.ttf in Resources */ = {isa = PBXBuildFile; fileRef = 1F4C8AE32B33C30E00DD09AE /* Nohemi-ExtraBold.ttf */; };
		1F4C8AED2B33C30E00DD09AE /* Nohemi-Regular.ttf in Resources */ = {isa = PBXBuildFile; fileRef = 1F4C8AE42B33C30E00DD09AE /* Nohemi-Regular.ttf */; };
		1F4C8AEE2B33C30E00DD09AE /* Nohemi-SemiBold.ttf in Resources */ = {isa = PBXBuildFile; fileRef = 1F4C8AE52B33C30E00DD09AE /* Nohemi-SemiBold.ttf */; };
		1F4C8AEF2B33C30E00DD09AE /* Nohemi-Bold.ttf in Resources */ = {isa = PBXBuildFile; fileRef = 1F4C8AE62B33C30E00DD09AE /* Nohemi-Bold.ttf */; };
		1F4C8AF02B33C30E00DD09AE /* Nohemi-Black.ttf in Resources */ = {isa = PBXBuildFile; fileRef = 1F4C8AE72B33C30E00DD09AE /* Nohemi-Black.ttf */; };
		1F4C8AF12B33C30E00DD09AE /* Nohemi-Medium.ttf in Resources */ = {isa = PBXBuildFile; fileRef = 1F4C8AE82B33C30E00DD09AE /* Nohemi-Medium.ttf */; };
		1F4C8AF22B33C30E00DD09AE /* Nohemi-Light.ttf in Resources */ = {isa = PBXBuildFile; fileRef = 1F4C8AE92B33C30E00DD09AE /* Nohemi-Light.ttf */; };
		1F4C8AF62B33C37600DD09AE /* Fonts.swift in Sources */ = {isa = PBXBuildFile; fileRef = 1F4C8AF52B33C37600DD09AE /* Fonts.swift */; };
		1F4C8AF82B33C45800DD09AE /* Nohemi-VF.ttf in Resources */ = {isa = PBXBuildFile; fileRef = 1F4C8AF72B33C45800DD09AE /* Nohemi-VF.ttf */; };
		1F52834C2B23D336000F5260 /* ShotsApp.swift in Sources */ = {isa = PBXBuildFile; fileRef = 1F52834B2B23D336000F5260 /* ShotsApp.swift */; };
		1F52834E2B23D336000F5260 /* HomeView.swift in Sources */ = {isa = PBXBuildFile; fileRef = 1F52834D2B23D336000F5260 /* HomeView.swift */; };
		1F5283502B23D338000F5260 /* Assets.xcassets in Resources */ = {isa = PBXBuildFile; fileRef = 1F52834F2B23D338000F5260 /* Assets.xcassets */; };
		1F5283532B23D338000F5260 /* Preview Assets.xcassets in Resources */ = {isa = PBXBuildFile; fileRef = 1F5283522B23D338000F5260 /* Preview Assets.xcassets */; };
		1F52835D2B23D338000F5260 /* ShotsTests.swift in Sources */ = {isa = PBXBuildFile; fileRef = 1F52835C2B23D338000F5260 /* ShotsTests.swift */; };
		1F5283672B23D338000F5260 /* ShotsUITests.swift in Sources */ = {isa = PBXBuildFile; fileRef = 1F5283662B23D338000F5260 /* ShotsUITests.swift */; };
		1F5283692B23D338000F5260 /* ShotsUITestsLaunchTests.swift in Sources */ = {isa = PBXBuildFile; fileRef = 1F5283682B23D338000F5260 /* ShotsUITestsLaunchTests.swift */; };
		1F5283772B23D4B7000F5260 /* ComposableArchitecture in Frameworks */ = {isa = PBXBuildFile; productRef = 1F5283762B23D4B7000F5260 /* ComposableArchitecture */; };
		1F52837D2B23DCCF000F5260 /* TemplateFeature.swift in Sources */ = {isa = PBXBuildFile; fileRef = 1F52837A2B23DCCF000F5260 /* TemplateFeature.swift */; };
		1F52837E2B23DCCF000F5260 /* FeatureAction.swift in Sources */ = {isa = PBXBuildFile; fileRef = 1F52837B2B23DCCF000F5260 /* FeatureAction.swift */; };
		1F52837F2B23DCCF000F5260 /* Codable+Extensions.swift in Sources */ = {isa = PBXBuildFile; fileRef = 1F52837C2B23DCCF000F5260 /* Codable+Extensions.swift */; };
		1F5283822B23DDF6000F5260 /* BetterCodable in Frameworks */ = {isa = PBXBuildFile; productRef = 1F5283812B23DDF6000F5260 /* BetterCodable */; };
		1F5283842B241A68000F5260 /* EquatableIgnored.swift in Sources */ = {isa = PBXBuildFile; fileRef = 1F5283832B241A68000F5260 /* EquatableIgnored.swift */; };
		1F6E33882B50CD040018D1E7 /* LoginSignupFeature.swift in Sources */ = {isa = PBXBuildFile; fileRef = 1F6E33872B50CD040018D1E7 /* LoginSignupFeature.swift */; };
		1F6E338A2B50CD130018D1E7 /* UserClient.swift in Sources */ = {isa = PBXBuildFile; fileRef = 1F6E33892B50CD130018D1E7 /* UserClient.swift */; };
		1F6E338C2B50CD550018D1E7 /* UserNetworking.swift in Sources */ = {isa = PBXBuildFile; fileRef = 1F6E338B2B50CD550018D1E7 /* UserNetworking.swift */; };
		1F6E338E2B50CEF70018D1E7 /* OnboardingLoginFeature.swift in Sources */ = {isa = PBXBuildFile; fileRef = 1F6E338D2B50CEF70018D1E7 /* OnboardingLoginFeature.swift */; };
		1F6E33902B50CF050018D1E7 /* OnboardingLoginView.swift in Sources */ = {isa = PBXBuildFile; fileRef = 1F6E338F2B50CF050018D1E7 /* OnboardingLoginView.swift */; };
		1F6E33922B50D1F60018D1E7 /* UserDefaultsClient.swift in Sources */ = {isa = PBXBuildFile; fileRef = 1F6E33912B50D1F60018D1E7 /* UserDefaultsClient.swift */; };
		1F6E33942B50D2B60018D1E7 /* OnboardingNotificationFeature.swift in Sources */ = {isa = PBXBuildFile; fileRef = 1F6E33932B50D2B60018D1E7 /* OnboardingNotificationFeature.swift */; };
		1F6E33962B50D2BE0018D1E7 /* OnboardingNotificationView.swift in Sources */ = {isa = PBXBuildFile; fileRef = 1F6E33952B50D2BE0018D1E7 /* OnboardingNotificationView.swift */; };
		1F81949F2B33C70100764F37 /* ImageClient.swift in Sources */ = {isa = PBXBuildFile; fileRef = 1F81949E2B33C70100764F37 /* ImageClient.swift */; };
		1F8194A22B33C75000764F37 /* HomeFeature.swift in Sources */ = {isa = PBXBuildFile; fileRef = 1F8194A12B33C75000764F37 /* HomeFeature.swift */; };
/* End PBXBuildFile section */

/* Begin PBXContainerItemProxy section */
		1F5283592B23D338000F5260 /* PBXContainerItemProxy */ = {
			isa = PBXContainerItemProxy;
			containerPortal = 1F5283402B23D336000F5260 /* Project object */;
			proxyType = 1;
			remoteGlobalIDString = 1F5283472B23D336000F5260;
			remoteInfo = Shots;
		};
		1F5283632B23D338000F5260 /* PBXContainerItemProxy */ = {
			isa = PBXContainerItemProxy;
			containerPortal = 1F5283402B23D336000F5260 /* Project object */;
			proxyType = 1;
			remoteGlobalIDString = 1F5283472B23D336000F5260;
			remoteInfo = Shots;
		};
/* End PBXContainerItemProxy section */

/* Begin PBXFileReference section */
		1F2373892B4F60840023EE55 /* VTabView.swift */ = {isa = PBXFileReference; lastKnownFileType = sourcecode.swift; path = VTabView.swift; sourceTree = "<group>"; };
		1F23738B2B4F66BE0023EE55 /* AppFeature.swift */ = {isa = PBXFileReference; lastKnownFileType = sourcecode.swift; path = AppFeature.swift; sourceTree = "<group>"; };
		1F23738F2B50A9240023EE55 /* GoogleService-Info.plist */ = {isa = PBXFileReference; fileEncoding = 4; lastKnownFileType = text.plist.xml; path = "GoogleService-Info.plist"; sourceTree = "<group>"; };
		1F2373C72B50AA050023EE55 /* FirestoreNetworking.swift */ = {isa = PBXFileReference; lastKnownFileType = sourcecode.swift; path = FirestoreNetworking.swift; sourceTree = "<group>"; };
		1F2373C92B50ABD50023EE55 /* FirebaseStorage.swift */ = {isa = PBXFileReference; lastKnownFileType = sourcecode.swift; path = FirebaseStorage.swift; sourceTree = "<group>"; };
		1F2373CC2B50AD8B0023EE55 /* User.swift */ = {isa = PBXFileReference; lastKnownFileType = sourcecode.swift; path = User.swift; sourceTree = "<group>"; };
		1F2373CE2B50ADDC0023EE55 /* FilmRoll.swift */ = {isa = PBXFileReference; lastKnownFileType = sourcecode.swift; path = FilmRoll.swift; sourceTree = "<group>"; };
		1F4C8AE12B33C30E00DD09AE /* Nohemi-Thin.ttf */ = {isa = PBXFileReference; lastKnownFileType = file; path = "Nohemi-Thin.ttf"; sourceTree = "<group>"; };
		1F4C8AE22B33C30E00DD09AE /* Nohemi-ExtraLight.ttf */ = {isa = PBXFileReference; lastKnownFileType = file; path = "Nohemi-ExtraLight.ttf"; sourceTree = "<group>"; };
		1F4C8AE32B33C30E00DD09AE /* Nohemi-ExtraBold.ttf */ = {isa = PBXFileReference; lastKnownFileType = file; path = "Nohemi-ExtraBold.ttf"; sourceTree = "<group>"; };
		1F4C8AE42B33C30E00DD09AE /* Nohemi-Regular.ttf */ = {isa = PBXFileReference; lastKnownFileType = file; path = "Nohemi-Regular.ttf"; sourceTree = "<group>"; };
		1F4C8AE52B33C30E00DD09AE /* Nohemi-SemiBold.ttf */ = {isa = PBXFileReference; lastKnownFileType = file; path = "Nohemi-SemiBold.ttf"; sourceTree = "<group>"; };
		1F4C8AE62B33C30E00DD09AE /* Nohemi-Bold.ttf */ = {isa = PBXFileReference; lastKnownFileType = file; path = "Nohemi-Bold.ttf"; sourceTree = "<group>"; };
		1F4C8AE72B33C30E00DD09AE /* Nohemi-Black.ttf */ = {isa = PBXFileReference; lastKnownFileType = file; path = "Nohemi-Black.ttf"; sourceTree = "<group>"; };
		1F4C8AE82B33C30E00DD09AE /* Nohemi-Medium.ttf */ = {isa = PBXFileReference; lastKnownFileType = file; path = "Nohemi-Medium.ttf"; sourceTree = "<group>"; };
		1F4C8AE92B33C30E00DD09AE /* Nohemi-Light.ttf */ = {isa = PBXFileReference; lastKnownFileType = file; path = "Nohemi-Light.ttf"; sourceTree = "<group>"; };
		1F4C8AF32B33C32100DD09AE /* Info.plist */ = {isa = PBXFileReference; lastKnownFileType = text.plist; path = Info.plist; sourceTree = "<group>"; };
		1F4C8AF52B33C37600DD09AE /* Fonts.swift */ = {isa = PBXFileReference; lastKnownFileType = sourcecode.swift; path = Fonts.swift; sourceTree = "<group>"; };
		1F4C8AF72B33C45800DD09AE /* Nohemi-VF.ttf */ = {isa = PBXFileReference; lastKnownFileType = file; path = "Nohemi-VF.ttf"; sourceTree = "<group>"; };
		1F5283482B23D336000F5260 /* Shots.app */ = {isa = PBXFileReference; explicitFileType = wrapper.application; includeInIndex = 0; path = Shots.app; sourceTree = BUILT_PRODUCTS_DIR; };
		1F52834B2B23D336000F5260 /* ShotsApp.swift */ = {isa = PBXFileReference; lastKnownFileType = sourcecode.swift; path = ShotsApp.swift; sourceTree = "<group>"; };
		1F52834D2B23D336000F5260 /* HomeView.swift */ = {isa = PBXFileReference; lastKnownFileType = sourcecode.swift; path = HomeView.swift; sourceTree = "<group>"; };
		1F52834F2B23D338000F5260 /* Assets.xcassets */ = {isa = PBXFileReference; lastKnownFileType = folder.assetcatalog; path = Assets.xcassets; sourceTree = "<group>"; };
		1F5283522B23D338000F5260 /* Preview Assets.xcassets */ = {isa = PBXFileReference; lastKnownFileType = folder.assetcatalog; path = "Preview Assets.xcassets"; sourceTree = "<group>"; };
		1F5283582B23D338000F5260 /* ShotsTests.xctest */ = {isa = PBXFileReference; explicitFileType = wrapper.cfbundle; includeInIndex = 0; path = ShotsTests.xctest; sourceTree = BUILT_PRODUCTS_DIR; };
		1F52835C2B23D338000F5260 /* ShotsTests.swift */ = {isa = PBXFileReference; lastKnownFileType = sourcecode.swift; path = ShotsTests.swift; sourceTree = "<group>"; };
		1F5283622B23D338000F5260 /* ShotsUITests.xctest */ = {isa = PBXFileReference; explicitFileType = wrapper.cfbundle; includeInIndex = 0; path = ShotsUITests.xctest; sourceTree = BUILT_PRODUCTS_DIR; };
		1F5283662B23D338000F5260 /* ShotsUITests.swift */ = {isa = PBXFileReference; lastKnownFileType = sourcecode.swift; path = ShotsUITests.swift; sourceTree = "<group>"; };
		1F5283682B23D338000F5260 /* ShotsUITestsLaunchTests.swift */ = {isa = PBXFileReference; lastKnownFileType = sourcecode.swift; path = ShotsUITestsLaunchTests.swift; sourceTree = "<group>"; };
		1F52837A2B23DCCF000F5260 /* TemplateFeature.swift */ = {isa = PBXFileReference; fileEncoding = 4; lastKnownFileType = sourcecode.swift; path = TemplateFeature.swift; sourceTree = "<group>"; };
		1F52837B2B23DCCF000F5260 /* FeatureAction.swift */ = {isa = PBXFileReference; fileEncoding = 4; lastKnownFileType = sourcecode.swift; path = FeatureAction.swift; sourceTree = "<group>"; };
		1F52837C2B23DCCF000F5260 /* Codable+Extensions.swift */ = {isa = PBXFileReference; fileEncoding = 4; lastKnownFileType = sourcecode.swift; path = "Codable+Extensions.swift"; sourceTree = "<group>"; };
		1F5283832B241A68000F5260 /* EquatableIgnored.swift */ = {isa = PBXFileReference; lastKnownFileType = sourcecode.swift; path = EquatableIgnored.swift; sourceTree = "<group>"; };
		1F6E33862B50CCC20018D1E7 /* Shots.entitlements */ = {isa = PBXFileReference; lastKnownFileType = text.plist.entitlements; path = Shots.entitlements; sourceTree = "<group>"; };
		1F6E33872B50CD040018D1E7 /* LoginSignupFeature.swift */ = {isa = PBXFileReference; lastKnownFileType = sourcecode.swift; path = LoginSignupFeature.swift; sourceTree = "<group>"; };
		1F6E33892B50CD130018D1E7 /* UserClient.swift */ = {isa = PBXFileReference; lastKnownFileType = sourcecode.swift; path = UserClient.swift; sourceTree = "<group>"; };
		1F6E338B2B50CD550018D1E7 /* UserNetworking.swift */ = {isa = PBXFileReference; lastKnownFileType = sourcecode.swift; path = UserNetworking.swift; sourceTree = "<group>"; };
		1F6E338D2B50CEF70018D1E7 /* OnboardingLoginFeature.swift */ = {isa = PBXFileReference; lastKnownFileType = sourcecode.swift; path = OnboardingLoginFeature.swift; sourceTree = "<group>"; };
		1F6E338F2B50CF050018D1E7 /* OnboardingLoginView.swift */ = {isa = PBXFileReference; lastKnownFileType = sourcecode.swift; path = OnboardingLoginView.swift; sourceTree = "<group>"; };
		1F6E33912B50D1F60018D1E7 /* UserDefaultsClient.swift */ = {isa = PBXFileReference; lastKnownFileType = sourcecode.swift; path = UserDefaultsClient.swift; sourceTree = "<group>"; };
		1F6E33932B50D2B60018D1E7 /* OnboardingNotificationFeature.swift */ = {isa = PBXFileReference; lastKnownFileType = sourcecode.swift; path = OnboardingNotificationFeature.swift; sourceTree = "<group>"; };
		1F6E33952B50D2BE0018D1E7 /* OnboardingNotificationView.swift */ = {isa = PBXFileReference; lastKnownFileType = sourcecode.swift; path = OnboardingNotificationView.swift; sourceTree = "<group>"; };
		1F81949E2B33C70100764F37 /* ImageClient.swift */ = {isa = PBXFileReference; lastKnownFileType = sourcecode.swift; path = ImageClient.swift; sourceTree = "<group>"; };
		1F8194A12B33C75000764F37 /* HomeFeature.swift */ = {isa = PBXFileReference; lastKnownFileType = sourcecode.swift; path = HomeFeature.swift; sourceTree = "<group>"; };
/* End PBXFileReference section */

/* Begin PBXFrameworksBuildPhase section */
		1F5283452B23D336000F5260 /* Frameworks */ = {
			isa = PBXFrameworksBuildPhase;
			buildActionMask = 2147483647;
			files = (
				1F5283772B23D4B7000F5260 /* ComposableArchitecture in Frameworks */,
				1F2373AF2B50A9970023EE55 /* FirebaseFirestoreSwift in Frameworks */,
				1F2373992B50A9970023EE55 /* FirebaseAnalyticsWithoutAdIdSupport in Frameworks */,
				1F2373BB2B50A9970023EE55 /* FirebaseMessaging in Frameworks */,
				1F2373B12B50A9970023EE55 /* FirebaseFunctions in Frameworks */,
				1F5283822B23DDF6000F5260 /* BetterCodable in Frameworks */,
				1F2373932B50A9970023EE55 /* FirebaseAnalytics in Frameworks */,
				1F23739F2B50A9970023EE55 /* FirebaseAuth in Frameworks */,
				1F2373A92B50A9970023EE55 /* FirebaseDynamicLinks in Frameworks */,
				1F2373A32B50A9970023EE55 /* FirebaseCrashlytics in Frameworks */,
				1F2373A72B50A9970023EE55 /* FirebaseDatabaseSwift in Frameworks */,
				1F2373AB2B50A9970023EE55 /* FirebaseFirestore in Frameworks */,
				1F2373B92B50A9970023EE55 /* FirebaseInstallations in Frameworks */,
				1F2373B32B50A9970023EE55 /* FirebaseFunctionsCombine-Community in Frameworks */,
				1F2373BD2B50A9970023EE55 /* FirebasePerformance in Frameworks */,
				1F2373AD2B50A9970023EE55 /* FirebaseFirestoreCombine-Community in Frameworks */,
				1F2373A52B50A9970023EE55 /* FirebaseDatabase in Frameworks */,
				1F23739B2B50A9970023EE55 /* FirebaseAppCheck in Frameworks */,
				1F2373952B50A9970023EE55 /* FirebaseAnalyticsOnDeviceConversion in Frameworks */,
				1F2373BF2B50A9970023EE55 /* FirebaseRemoteConfig in Frameworks */,
				1F2373C32B50A9970023EE55 /* FirebaseStorage in Frameworks */,
				1F2373B72B50A9970023EE55 /* FirebaseInAppMessagingSwift-Beta in Frameworks */,
				1F2373C52B50A9970023EE55 /* FirebaseStorageCombine-Community in Frameworks */,
				1F2373972B50A9970023EE55 /* FirebaseAnalyticsSwift in Frameworks */,
				1F23739D2B50A9970023EE55 /* FirebaseAppDistribution-Beta in Frameworks */,
				1F2373A12B50A9970023EE55 /* FirebaseAuthCombine-Community in Frameworks */,
				1F2373B52B50A9970023EE55 /* FirebaseInAppMessaging-Beta in Frameworks */,
				1F2373C12B50A9970023EE55 /* FirebaseRemoteConfigSwift in Frameworks */,
			);
			runOnlyForDeploymentPostprocessing = 0;
		};
		1F5283552B23D338000F5260 /* Frameworks */ = {
			isa = PBXFrameworksBuildPhase;
			buildActionMask = 2147483647;
			files = (
			);
			runOnlyForDeploymentPostprocessing = 0;
		};
		1F52835F2B23D338000F5260 /* Frameworks */ = {
			isa = PBXFrameworksBuildPhase;
			buildActionMask = 2147483647;
			files = (
			);
			runOnlyForDeploymentPostprocessing = 0;
		};
/* End PBXFrameworksBuildPhase section */

/* Begin PBXGroup section */
		1F2373882B4F606E0023EE55 /* Components */ = {
			isa = PBXGroup;
			children = (
				1F2373892B4F60840023EE55 /* VTabView.swift */,
			);
			path = Components;
			sourceTree = "<group>";
		};
		1F2373C62B50A9F90023EE55 /* Networking */ = {
			isa = PBXGroup;
			children = (
				1F2373C72B50AA050023EE55 /* FirestoreNetworking.swift */,
				1F2373C92B50ABD50023EE55 /* FirebaseStorage.swift */,
				1F6E338B2B50CD550018D1E7 /* UserNetworking.swift */,
			);
			path = Networking;
			sourceTree = "<group>";
		};
		1F2373CB2B50AD800023EE55 /* Models */ = {
			isa = PBXGroup;
			children = (
				1F2373CC2B50AD8B0023EE55 /* User.swift */,
				1F2373CE2B50ADDC0023EE55 /* FilmRoll.swift */,
			);
			path = Models;
			sourceTree = "<group>";
		};
		1F4C8AE02B33C2ED00DD09AE /* Fonts */ = {
			isa = PBXGroup;
			children = (
				1F4C8AF72B33C45800DD09AE /* Nohemi-VF.ttf */,
				1F4C8AE72B33C30E00DD09AE /* Nohemi-Black.ttf */,
				1F4C8AE62B33C30E00DD09AE /* Nohemi-Bold.ttf */,
				1F4C8AE32B33C30E00DD09AE /* Nohemi-ExtraBold.ttf */,
				1F4C8AE22B33C30E00DD09AE /* Nohemi-ExtraLight.ttf */,
				1F4C8AE92B33C30E00DD09AE /* Nohemi-Light.ttf */,
				1F4C8AE82B33C30E00DD09AE /* Nohemi-Medium.ttf */,
				1F4C8AE42B33C30E00DD09AE /* Nohemi-Regular.ttf */,
				1F4C8AE52B33C30E00DD09AE /* Nohemi-SemiBold.ttf */,
				1F4C8AE12B33C30E00DD09AE /* Nohemi-Thin.ttf */,
			);
			path = Fonts;
			sourceTree = "<group>";
		};
		1F4C8AF42B33C36E00DD09AE /* Styles */ = {
			isa = PBXGroup;
			children = (
				1F4C8AE02B33C2ED00DD09AE /* Fonts */,
				1F4C8AF52B33C37600DD09AE /* Fonts.swift */,
			);
			path = Styles;
			sourceTree = "<group>";
		};
		1F52833F2B23D336000F5260 = {
			isa = PBXGroup;
			children = (
				1F52834A2B23D336000F5260 /* Shots */,
				1F52835B2B23D338000F5260 /* ShotsTests */,
				1F5283652B23D338000F5260 /* ShotsUITests */,
				1F5283492B23D336000F5260 /* Products */,
			);
			sourceTree = "<group>";
		};
		1F5283492B23D336000F5260 /* Products */ = {
			isa = PBXGroup;
			children = (
				1F5283482B23D336000F5260 /* Shots.app */,
				1F5283582B23D338000F5260 /* ShotsTests.xctest */,
				1F5283622B23D338000F5260 /* ShotsUITests.xctest */,
			);
			name = Products;
			sourceTree = "<group>";
		};
		1F52834A2B23D336000F5260 /* Shots */ = {
			isa = PBXGroup;
			children = (
				1F6E33862B50CCC20018D1E7 /* Shots.entitlements */,
				1F4C8AF32B33C32100DD09AE /* Info.plist */,
				1F23738F2B50A9240023EE55 /* GoogleService-Info.plist */,
				1F2373CB2B50AD800023EE55 /* Models */,
				1F2373882B4F606E0023EE55 /* Components */,
				1F8194A02B33C72E00764F37 /* Features */,
				1F81949D2B33C6F600764F37 /* Utility */,
				1F4C8AF42B33C36E00DD09AE /* Styles */,
				1F5283782B23DCCF000F5260 /* Extensions */,
				1F52834F2B23D338000F5260 /* Assets.xcassets */,
				1F5283512B23D338000F5260 /* Preview Content */,
			);
			path = Shots;
			sourceTree = "<group>";
		};
		1F5283512B23D338000F5260 /* Preview Content */ = {
			isa = PBXGroup;
			children = (
				1F5283522B23D338000F5260 /* Preview Assets.xcassets */,
			);
			path = "Preview Content";
			sourceTree = "<group>";
		};
		1F52835B2B23D338000F5260 /* ShotsTests */ = {
			isa = PBXGroup;
			children = (
				1F52835C2B23D338000F5260 /* ShotsTests.swift */,
			);
			path = ShotsTests;
			sourceTree = "<group>";
		};
		1F5283652B23D338000F5260 /* ShotsUITests */ = {
			isa = PBXGroup;
			children = (
				1F5283662B23D338000F5260 /* ShotsUITests.swift */,
				1F5283682B23D338000F5260 /* ShotsUITestsLaunchTests.swift */,
			);
			path = ShotsUITests;
			sourceTree = "<group>";
		};
		1F5283782B23DCCF000F5260 /* Extensions */ = {
			isa = PBXGroup;
			children = (
				1F5283792B23DCCF000F5260 /* TCA */,
				1F52837C2B23DCCF000F5260 /* Codable+Extensions.swift */,
			);
			path = Extensions;
			sourceTree = "<group>";
		};
		1F5283792B23DCCF000F5260 /* TCA */ = {
			isa = PBXGroup;
			children = (
				1F52837A2B23DCCF000F5260 /* TemplateFeature.swift */,
				1F52837B2B23DCCF000F5260 /* FeatureAction.swift */,
				1F5283832B241A68000F5260 /* EquatableIgnored.swift */,
			);
			path = TCA;
			sourceTree = "<group>";
		};
		1F81949D2B33C6F600764F37 /* Utility */ = {
			isa = PBXGroup;
			children = (
				1F2373C62B50A9F90023EE55 /* Networking */,
				1F81949E2B33C70100764F37 /* ImageClient.swift */,
				1F6E33892B50CD130018D1E7 /* UserClient.swift */,
				1F6E33912B50D1F60018D1E7 /* UserDefaultsClient.swift */,
			);
			path = Utility;
			sourceTree = "<group>";
		};
		1F8194A02B33C72E00764F37 /* Features */ = {
			isa = PBXGroup;
			children = (
				1F52834B2B23D336000F5260 /* ShotsApp.swift */,
				1F23738B2B4F66BE0023EE55 /* AppFeature.swift */,
				1F6E33872B50CD040018D1E7 /* LoginSignupFeature.swift */,
				1F6E338D2B50CEF70018D1E7 /* OnboardingLoginFeature.swift */,
				1F6E338F2B50CF050018D1E7 /* OnboardingLoginView.swift */,
				1F6E33932B50D2B60018D1E7 /* OnboardingNotificationFeature.swift */,
				1F6E33952B50D2BE0018D1E7 /* OnboardingNotificationView.swift */,
				1F8194A12B33C75000764F37 /* HomeFeature.swift */,
				1F52834D2B23D336000F5260 /* HomeView.swift */,
			);
			path = Features;
			sourceTree = "<group>";
		};
/* End PBXGroup section */

/* Begin PBXNativeTarget section */
		1F5283472B23D336000F5260 /* Shots */ = {
			isa = PBXNativeTarget;
			buildConfigurationList = 1F52836C2B23D338000F5260 /* Build configuration list for PBXNativeTarget "Shots" */;
			buildPhases = (
				1F5283442B23D336000F5260 /* Sources */,
				1F5283452B23D336000F5260 /* Frameworks */,
				1F5283462B23D336000F5260 /* Resources */,
			);
			buildRules = (
			);
			dependencies = (
			);
			name = Shots;
			packageProductDependencies = (
				1F5283762B23D4B7000F5260 /* ComposableArchitecture */,
				1F5283812B23DDF6000F5260 /* BetterCodable */,
				1F2373922B50A9970023EE55 /* FirebaseAnalytics */,
				1F2373942B50A9970023EE55 /* FirebaseAnalyticsOnDeviceConversion */,
				1F2373962B50A9970023EE55 /* FirebaseAnalyticsSwift */,
				1F2373982B50A9970023EE55 /* FirebaseAnalyticsWithoutAdIdSupport */,
				1F23739A2B50A9970023EE55 /* FirebaseAppCheck */,
				1F23739C2B50A9970023EE55 /* FirebaseAppDistribution-Beta */,
				1F23739E2B50A9970023EE55 /* FirebaseAuth */,
				1F2373A02B50A9970023EE55 /* FirebaseAuthCombine-Community */,
				1F2373A22B50A9970023EE55 /* FirebaseCrashlytics */,
				1F2373A42B50A9970023EE55 /* FirebaseDatabase */,
				1F2373A62B50A9970023EE55 /* FirebaseDatabaseSwift */,
				1F2373A82B50A9970023EE55 /* FirebaseDynamicLinks */,
				1F2373AA2B50A9970023EE55 /* FirebaseFirestore */,
				1F2373AC2B50A9970023EE55 /* FirebaseFirestoreCombine-Community */,
				1F2373AE2B50A9970023EE55 /* FirebaseFirestoreSwift */,
				1F2373B02B50A9970023EE55 /* FirebaseFunctions */,
				1F2373B22B50A9970023EE55 /* FirebaseFunctionsCombine-Community */,
				1F2373B42B50A9970023EE55 /* FirebaseInAppMessaging-Beta */,
				1F2373B62B50A9970023EE55 /* FirebaseInAppMessagingSwift-Beta */,
				1F2373B82B50A9970023EE55 /* FirebaseInstallations */,
				1F2373BA2B50A9970023EE55 /* FirebaseMessaging */,
				1F2373BC2B50A9970023EE55 /* FirebasePerformance */,
				1F2373BE2B50A9970023EE55 /* FirebaseRemoteConfig */,
				1F2373C02B50A9970023EE55 /* FirebaseRemoteConfigSwift */,
				1F2373C22B50A9970023EE55 /* FirebaseStorage */,
				1F2373C42B50A9970023EE55 /* FirebaseStorageCombine-Community */,
			);
			productName = Shots;
			productReference = 1F5283482B23D336000F5260 /* Shots.app */;
			productType = "com.apple.product-type.application";
		};
		1F5283572B23D338000F5260 /* ShotsTests */ = {
			isa = PBXNativeTarget;
			buildConfigurationList = 1F52836F2B23D338000F5260 /* Build configuration list for PBXNativeTarget "ShotsTests" */;
			buildPhases = (
				1F5283542B23D338000F5260 /* Sources */,
				1F5283552B23D338000F5260 /* Frameworks */,
				1F5283562B23D338000F5260 /* Resources */,
			);
			buildRules = (
			);
			dependencies = (
				1F52835A2B23D338000F5260 /* PBXTargetDependency */,
			);
			name = ShotsTests;
			productName = ShotsTests;
			productReference = 1F5283582B23D338000F5260 /* ShotsTests.xctest */;
			productType = "com.apple.product-type.bundle.unit-test";
		};
		1F5283612B23D338000F5260 /* ShotsUITests */ = {
			isa = PBXNativeTarget;
			buildConfigurationList = 1F5283722B23D338000F5260 /* Build configuration list for PBXNativeTarget "ShotsUITests" */;
			buildPhases = (
				1F52835E2B23D338000F5260 /* Sources */,
				1F52835F2B23D338000F5260 /* Frameworks */,
				1F5283602B23D338000F5260 /* Resources */,
			);
			buildRules = (
			);
			dependencies = (
				1F5283642B23D338000F5260 /* PBXTargetDependency */,
			);
			name = ShotsUITests;
			productName = ShotsUITests;
			productReference = 1F5283622B23D338000F5260 /* ShotsUITests.xctest */;
			productType = "com.apple.product-type.bundle.ui-testing";
		};
/* End PBXNativeTarget section */

/* Begin PBXProject section */
		1F5283402B23D336000F5260 /* Project object */ = {
			isa = PBXProject;
			attributes = {
				BuildIndependentTargetsInParallel = 1;
				LastSwiftUpdateCheck = 1500;
				LastUpgradeCheck = 1500;
				TargetAttributes = {
					1F5283472B23D336000F5260 = {
						CreatedOnToolsVersion = 15.0.1;
					};
					1F5283572B23D338000F5260 = {
						CreatedOnToolsVersion = 15.0.1;
						TestTargetID = 1F5283472B23D336000F5260;
					};
					1F5283612B23D338000F5260 = {
						CreatedOnToolsVersion = 15.0.1;
						TestTargetID = 1F5283472B23D336000F5260;
					};
				};
			};
			buildConfigurationList = 1F5283432B23D336000F5260 /* Build configuration list for PBXProject "Shots" */;
			compatibilityVersion = "Xcode 14.0";
			developmentRegion = en;
			hasScannedForEncodings = 0;
			knownRegions = (
				en,
				Base,
			);
			mainGroup = 1F52833F2B23D336000F5260;
			packageReferences = (
				1F5283752B23D4B7000F5260 /* XCRemoteSwiftPackageReference "swift-composable-architecture" */,
				1F5283802B23DDF6000F5260 /* XCRemoteSwiftPackageReference "BetterCodable" */,
				1F2373912B50A9970023EE55 /* XCRemoteSwiftPackageReference "firebase-ios-sdk" */,
			);
			productRefGroup = 1F5283492B23D336000F5260 /* Products */;
			projectDirPath = "";
			projectRoot = "";
			targets = (
				1F5283472B23D336000F5260 /* Shots */,
				1F5283572B23D338000F5260 /* ShotsTests */,
				1F5283612B23D338000F5260 /* ShotsUITests */,
			);
		};
/* End PBXProject section */

/* Begin PBXResourcesBuildPhase section */
		1F5283462B23D336000F5260 /* Resources */ = {
			isa = PBXResourcesBuildPhase;
			buildActionMask = 2147483647;
			files = (
				1F2373902B50A9240023EE55 /* GoogleService-Info.plist in Resources */,
				1F4C8AEC2B33C30E00DD09AE /* Nohemi-ExtraBold.ttf in Resources */,
				1F4C8AEF2B33C30E00DD09AE /* Nohemi-Bold.ttf in Resources */,
				1F4C8AF82B33C45800DD09AE /* Nohemi-VF.ttf in Resources */,
				1F4C8AF02B33C30E00DD09AE /* Nohemi-Black.ttf in Resources */,
				1F4C8AED2B33C30E00DD09AE /* Nohemi-Regular.ttf in Resources */,
				1F5283532B23D338000F5260 /* Preview Assets.xcassets in Resources */,
				1F5283502B23D338000F5260 /* Assets.xcassets in Resources */,
				1F4C8AEB2B33C30E00DD09AE /* Nohemi-ExtraLight.ttf in Resources */,
				1F4C8AEE2B33C30E00DD09AE /* Nohemi-SemiBold.ttf in Resources */,
				1F4C8AEA2B33C30E00DD09AE /* Nohemi-Thin.ttf in Resources */,
				1F4C8AF12B33C30E00DD09AE /* Nohemi-Medium.ttf in Resources */,
				1F4C8AF22B33C30E00DD09AE /* Nohemi-Light.ttf in Resources */,
			);
			runOnlyForDeploymentPostprocessing = 0;
		};
		1F5283562B23D338000F5260 /* Resources */ = {
			isa = PBXResourcesBuildPhase;
			buildActionMask = 2147483647;
			files = (
			);
			runOnlyForDeploymentPostprocessing = 0;
		};
		1F5283602B23D338000F5260 /* Resources */ = {
			isa = PBXResourcesBuildPhase;
			buildActionMask = 2147483647;
			files = (
			);
			runOnlyForDeploymentPostprocessing = 0;
		};
/* End PBXResourcesBuildPhase section */

/* Begin PBXSourcesBuildPhase section */
		1F5283442B23D336000F5260 /* Sources */ = {
			isa = PBXSourcesBuildPhase;
			buildActionMask = 2147483647;
			files = (
				1F4C8AF62B33C37600DD09AE /* Fonts.swift in Sources */,
				1F6E33922B50D1F60018D1E7 /* UserDefaultsClient.swift in Sources */,
				1F6E338E2B50CEF70018D1E7 /* OnboardingLoginFeature.swift in Sources */,
				1F52837E2B23DCCF000F5260 /* FeatureAction.swift in Sources */,
				1F6E33902B50CF050018D1E7 /* OnboardingLoginView.swift in Sources */,
				1F23738C2B4F66BE0023EE55 /* AppFeature.swift in Sources */,
				1F2373C82B50AA050023EE55 /* FirestoreNetworking.swift in Sources */,
				1F5283842B241A68000F5260 /* EquatableIgnored.swift in Sources */,
				1F8194A22B33C75000764F37 /* HomeFeature.swift in Sources */,
				1F6E338A2B50CD130018D1E7 /* UserClient.swift in Sources */,
				1F2373CD2B50AD8B0023EE55 /* User.swift in Sources */,
				1F52834E2B23D336000F5260 /* HomeView.swift in Sources */,
				1F2373CF2B50ADDC0023EE55 /* FilmRoll.swift in Sources */,
				1F6E338C2B50CD550018D1E7 /* UserNetworking.swift in Sources */,
				1F52834C2B23D336000F5260 /* ShotsApp.swift in Sources */,
				1F6E33962B50D2BE0018D1E7 /* OnboardingNotificationView.swift in Sources */,
				1F52837F2B23DCCF000F5260 /* Codable+Extensions.swift in Sources */,
				1F81949F2B33C70100764F37 /* ImageClient.swift in Sources */,
				1F52837D2B23DCCF000F5260 /* TemplateFeature.swift in Sources */,
				1F6E33942B50D2B60018D1E7 /* OnboardingNotificationFeature.swift in Sources */,
				1F23738A2B4F60840023EE55 /* VTabView.swift in Sources */,
				1F6E33882B50CD040018D1E7 /* LoginSignupFeature.swift in Sources */,
				1F2373CA2B50ABD50023EE55 /* FirebaseStorage.swift in Sources */,
			);
			runOnlyForDeploymentPostprocessing = 0;
		};
		1F5283542B23D338000F5260 /* Sources */ = {
			isa = PBXSourcesBuildPhase;
			buildActionMask = 2147483647;
			files = (
				1F52835D2B23D338000F5260 /* ShotsTests.swift in Sources */,
			);
			runOnlyForDeploymentPostprocessing = 0;
		};
		1F52835E2B23D338000F5260 /* Sources */ = {
			isa = PBXSourcesBuildPhase;
			buildActionMask = 2147483647;
			files = (
				1F5283692B23D338000F5260 /* ShotsUITestsLaunchTests.swift in Sources */,
				1F5283672B23D338000F5260 /* ShotsUITests.swift in Sources */,
			);
			runOnlyForDeploymentPostprocessing = 0;
		};
/* End PBXSourcesBuildPhase section */

/* Begin PBXTargetDependency section */
		1F52835A2B23D338000F5260 /* PBXTargetDependency */ = {
			isa = PBXTargetDependency;
			target = 1F5283472B23D336000F5260 /* Shots */;
			targetProxy = 1F5283592B23D338000F5260 /* PBXContainerItemProxy */;
		};
		1F5283642B23D338000F5260 /* PBXTargetDependency */ = {
			isa = PBXTargetDependency;
			target = 1F5283472B23D336000F5260 /* Shots */;
			targetProxy = 1F5283632B23D338000F5260 /* PBXContainerItemProxy */;
		};
/* End PBXTargetDependency section */

/* Begin XCBuildConfiguration section */
		1F52836A2B23D338000F5260 /* Debug */ = {
			isa = XCBuildConfiguration;
			buildSettings = {
				ALWAYS_SEARCH_USER_PATHS = NO;
				ASSETCATALOG_COMPILER_GENERATE_SWIFT_ASSET_SYMBOL_EXTENSIONS = YES;
				CLANG_ANALYZER_NONNULL = YES;
				CLANG_ANALYZER_NUMBER_OBJECT_CONVERSION = YES_AGGRESSIVE;
				CLANG_CXX_LANGUAGE_STANDARD = "gnu++20";
				CLANG_ENABLE_MODULES = YES;
				CLANG_ENABLE_OBJC_ARC = YES;
				CLANG_ENABLE_OBJC_WEAK = YES;
				CLANG_WARN_BLOCK_CAPTURE_AUTORELEASING = YES;
				CLANG_WARN_BOOL_CONVERSION = YES;
				CLANG_WARN_COMMA = YES;
				CLANG_WARN_CONSTANT_CONVERSION = YES;
				CLANG_WARN_DEPRECATED_OBJC_IMPLEMENTATIONS = YES;
				CLANG_WARN_DIRECT_OBJC_ISA_USAGE = YES_ERROR;
				CLANG_WARN_DOCUMENTATION_COMMENTS = YES;
				CLANG_WARN_EMPTY_BODY = YES;
				CLANG_WARN_ENUM_CONVERSION = YES;
				CLANG_WARN_INFINITE_RECURSION = YES;
				CLANG_WARN_INT_CONVERSION = YES;
				CLANG_WARN_NON_LITERAL_NULL_CONVERSION = YES;
				CLANG_WARN_OBJC_IMPLICIT_RETAIN_SELF = YES;
				CLANG_WARN_OBJC_LITERAL_CONVERSION = YES;
				CLANG_WARN_OBJC_ROOT_CLASS = YES_ERROR;
				CLANG_WARN_QUOTED_INCLUDE_IN_FRAMEWORK_HEADER = YES;
				CLANG_WARN_RANGE_LOOP_ANALYSIS = YES;
				CLANG_WARN_STRICT_PROTOTYPES = YES;
				CLANG_WARN_SUSPICIOUS_MOVE = YES;
				CLANG_WARN_UNGUARDED_AVAILABILITY = YES_AGGRESSIVE;
				CLANG_WARN_UNREACHABLE_CODE = YES;
				CLANG_WARN__DUPLICATE_METHOD_MATCH = YES;
				COPY_PHASE_STRIP = NO;
				DEBUG_INFORMATION_FORMAT = dwarf;
				ENABLE_STRICT_OBJC_MSGSEND = YES;
				ENABLE_TESTABILITY = YES;
				ENABLE_USER_SCRIPT_SANDBOXING = YES;
				GCC_C_LANGUAGE_STANDARD = gnu17;
				GCC_DYNAMIC_NO_PIC = NO;
				GCC_NO_COMMON_BLOCKS = YES;
				GCC_OPTIMIZATION_LEVEL = 0;
				GCC_PREPROCESSOR_DEFINITIONS = (
					"DEBUG=1",
					"$(inherited)",
				);
				GCC_WARN_64_TO_32_BIT_CONVERSION = YES;
				GCC_WARN_ABOUT_RETURN_TYPE = YES_ERROR;
				GCC_WARN_UNDECLARED_SELECTOR = YES;
				GCC_WARN_UNINITIALIZED_AUTOS = YES_AGGRESSIVE;
				GCC_WARN_UNUSED_FUNCTION = YES;
				GCC_WARN_UNUSED_VARIABLE = YES;
				IPHONEOS_DEPLOYMENT_TARGET = 17.0;
				LOCALIZATION_PREFERS_STRING_CATALOGS = YES;
				MTL_ENABLE_DEBUG_INFO = INCLUDE_SOURCE;
				MTL_FAST_MATH = YES;
				ONLY_ACTIVE_ARCH = YES;
				SDKROOT = iphoneos;
				SWIFT_ACTIVE_COMPILATION_CONDITIONS = "DEBUG $(inherited)";
				SWIFT_OPTIMIZATION_LEVEL = "-Onone";
			};
			name = Debug;
		};
		1F52836B2B23D338000F5260 /* Release */ = {
			isa = XCBuildConfiguration;
			buildSettings = {
				ALWAYS_SEARCH_USER_PATHS = NO;
				ASSETCATALOG_COMPILER_GENERATE_SWIFT_ASSET_SYMBOL_EXTENSIONS = YES;
				CLANG_ANALYZER_NONNULL = YES;
				CLANG_ANALYZER_NUMBER_OBJECT_CONVERSION = YES_AGGRESSIVE;
				CLANG_CXX_LANGUAGE_STANDARD = "gnu++20";
				CLANG_ENABLE_MODULES = YES;
				CLANG_ENABLE_OBJC_ARC = YES;
				CLANG_ENABLE_OBJC_WEAK = YES;
				CLANG_WARN_BLOCK_CAPTURE_AUTORELEASING = YES;
				CLANG_WARN_BOOL_CONVERSION = YES;
				CLANG_WARN_COMMA = YES;
				CLANG_WARN_CONSTANT_CONVERSION = YES;
				CLANG_WARN_DEPRECATED_OBJC_IMPLEMENTATIONS = YES;
				CLANG_WARN_DIRECT_OBJC_ISA_USAGE = YES_ERROR;
				CLANG_WARN_DOCUMENTATION_COMMENTS = YES;
				CLANG_WARN_EMPTY_BODY = YES;
				CLANG_WARN_ENUM_CONVERSION = YES;
				CLANG_WARN_INFINITE_RECURSION = YES;
				CLANG_WARN_INT_CONVERSION = YES;
				CLANG_WARN_NON_LITERAL_NULL_CONVERSION = YES;
				CLANG_WARN_OBJC_IMPLICIT_RETAIN_SELF = YES;
				CLANG_WARN_OBJC_LITERAL_CONVERSION = YES;
				CLANG_WARN_OBJC_ROOT_CLASS = YES_ERROR;
				CLANG_WARN_QUOTED_INCLUDE_IN_FRAMEWORK_HEADER = YES;
				CLANG_WARN_RANGE_LOOP_ANALYSIS = YES;
				CLANG_WARN_STRICT_PROTOTYPES = YES;
				CLANG_WARN_SUSPICIOUS_MOVE = YES;
				CLANG_WARN_UNGUARDED_AVAILABILITY = YES_AGGRESSIVE;
				CLANG_WARN_UNREACHABLE_CODE = YES;
				CLANG_WARN__DUPLICATE_METHOD_MATCH = YES;
				COPY_PHASE_STRIP = NO;
				DEBUG_INFORMATION_FORMAT = "dwarf-with-dsym";
				ENABLE_NS_ASSERTIONS = NO;
				ENABLE_STRICT_OBJC_MSGSEND = YES;
				ENABLE_USER_SCRIPT_SANDBOXING = YES;
				GCC_C_LANGUAGE_STANDARD = gnu17;
				GCC_NO_COMMON_BLOCKS = YES;
				GCC_WARN_64_TO_32_BIT_CONVERSION = YES;
				GCC_WARN_ABOUT_RETURN_TYPE = YES_ERROR;
				GCC_WARN_UNDECLARED_SELECTOR = YES;
				GCC_WARN_UNINITIALIZED_AUTOS = YES_AGGRESSIVE;
				GCC_WARN_UNUSED_FUNCTION = YES;
				GCC_WARN_UNUSED_VARIABLE = YES;
				IPHONEOS_DEPLOYMENT_TARGET = 17.0;
				LOCALIZATION_PREFERS_STRING_CATALOGS = YES;
				MTL_ENABLE_DEBUG_INFO = NO;
				MTL_FAST_MATH = YES;
				SDKROOT = iphoneos;
				SWIFT_COMPILATION_MODE = wholemodule;
				VALIDATE_PRODUCT = YES;
			};
			name = Release;
		};
		1F52836D2B23D338000F5260 /* Debug */ = {
			isa = XCBuildConfiguration;
			buildSettings = {
				ASSETCATALOG_COMPILER_APPICON_NAME = AppIcon;
				ASSETCATALOG_COMPILER_GLOBAL_ACCENT_COLOR_NAME = AccentColor;
				CODE_SIGN_ENTITLEMENTS = Shots/Shots.entitlements;
				CODE_SIGN_STYLE = Automatic;
				CURRENT_PROJECT_VERSION = 1;
				DEVELOPMENT_ASSET_PATHS = "\"Shots/Preview Content\"";
				DEVELOPMENT_TEAM = Z2HT5GMEGY;
				ENABLE_PREVIEWS = YES;
				GENERATE_INFOPLIST_FILE = YES;
				INFOPLIST_FILE = Shots/Info.plist;
				INFOPLIST_KEY_CFBundleDisplayName = "";
				INFOPLIST_KEY_NSPhotoLibraryUsageDescription = "This app requires access to photos for editing.";
				INFOPLIST_KEY_UIApplicationSceneManifest_Generation = YES;
				INFOPLIST_KEY_UIApplicationSupportsIndirectInputEvents = YES;
				INFOPLIST_KEY_UILaunchScreen_Generation = YES;
				INFOPLIST_KEY_UISupportedInterfaceOrientations = "UIInterfaceOrientationLandscapeLeft UIInterfaceOrientationLandscapeRight";
				INFOPLIST_KEY_UISupportedInterfaceOrientations_iPad = "UIInterfaceOrientationLandscapeLeft UIInterfaceOrientationLandscapeRight UIInterfaceOrientationPortrait UIInterfaceOrientationPortraitUpsideDown";
				LD_RUNPATH_SEARCH_PATHS = (
					"$(inherited)",
					"@executable_path/Frameworks",
				);
				MARKETING_VERSION = 1.0;
				PRODUCT_BUNDLE_IDENTIFIER = com.brettrosen.Shots;
				PRODUCT_NAME = "$(TARGET_NAME)";
				SWIFT_EMIT_LOC_STRINGS = YES;
				SWIFT_VERSION = 5.0;
				TARGETED_DEVICE_FAMILY = "1,2";
			};
			name = Debug;
		};
		1F52836E2B23D338000F5260 /* Release */ = {
			isa = XCBuildConfiguration;
			buildSettings = {
				ASSETCATALOG_COMPILER_APPICON_NAME = AppIcon;
				ASSETCATALOG_COMPILER_GLOBAL_ACCENT_COLOR_NAME = AccentColor;
				CODE_SIGN_ENTITLEMENTS = Shots/Shots.entitlements;
				CODE_SIGN_STYLE = Automatic;
				CURRENT_PROJECT_VERSION = 1;
				DEVELOPMENT_ASSET_PATHS = "\"Shots/Preview Content\"";
				DEVELOPMENT_TEAM = Z2HT5GMEGY;
				ENABLE_PREVIEWS = YES;
				GENERATE_INFOPLIST_FILE = YES;
				INFOPLIST_FILE = Shots/Info.plist;
				INFOPLIST_KEY_CFBundleDisplayName = "";
				INFOPLIST_KEY_NSPhotoLibraryUsageDescription = "This app requires access to photos for editing.";
				INFOPLIST_KEY_UIApplicationSceneManifest_Generation = YES;
				INFOPLIST_KEY_UIApplicationSupportsIndirectInputEvents = YES;
				INFOPLIST_KEY_UILaunchScreen_Generation = YES;
				INFOPLIST_KEY_UISupportedInterfaceOrientations = "UIInterfaceOrientationLandscapeLeft UIInterfaceOrientationLandscapeRight";
				INFOPLIST_KEY_UISupportedInterfaceOrientations_iPad = "UIInterfaceOrientationLandscapeLeft UIInterfaceOrientationLandscapeRight UIInterfaceOrientationPortrait UIInterfaceOrientationPortraitUpsideDown";
				LD_RUNPATH_SEARCH_PATHS = (
					"$(inherited)",
					"@executable_path/Frameworks",
				);
				MARKETING_VERSION = 1.0;
				PRODUCT_BUNDLE_IDENTIFIER = com.brettrosen.Shots;
				PRODUCT_NAME = "$(TARGET_NAME)";
				SWIFT_EMIT_LOC_STRINGS = YES;
				SWIFT_VERSION = 5.0;
				TARGETED_DEVICE_FAMILY = "1,2";
			};
			name = Release;
		};
		1F5283702B23D338000F5260 /* Debug */ = {
			isa = XCBuildConfiguration;
			buildSettings = {
				ALWAYS_EMBED_SWIFT_STANDARD_LIBRARIES = YES;
				BUNDLE_LOADER = "$(TEST_HOST)";
				CODE_SIGN_STYLE = Automatic;
				CURRENT_PROJECT_VERSION = 1;
				DEVELOPMENT_TEAM = Z2HT5GMEGY;
				GENERATE_INFOPLIST_FILE = YES;
				IPHONEOS_DEPLOYMENT_TARGET = 17.0;
				MARKETING_VERSION = 1.0;
				PRODUCT_BUNDLE_IDENTIFIER = com.brettrosen.ShotsTests;
				PRODUCT_NAME = "$(TARGET_NAME)";
				SWIFT_EMIT_LOC_STRINGS = NO;
				SWIFT_VERSION = 5.0;
				TARGETED_DEVICE_FAMILY = "1,2";
				TEST_HOST = "$(BUILT_PRODUCTS_DIR)/Shots.app/$(BUNDLE_EXECUTABLE_FOLDER_PATH)/Shots";
			};
			name = Debug;
		};
		1F5283712B23D338000F5260 /* Release */ = {
			isa = XCBuildConfiguration;
			buildSettings = {
				ALWAYS_EMBED_SWIFT_STANDARD_LIBRARIES = YES;
				BUNDLE_LOADER = "$(TEST_HOST)";
				CODE_SIGN_STYLE = Automatic;
				CURRENT_PROJECT_VERSION = 1;
				DEVELOPMENT_TEAM = Z2HT5GMEGY;
				GENERATE_INFOPLIST_FILE = YES;
				IPHONEOS_DEPLOYMENT_TARGET = 17.0;
				MARKETING_VERSION = 1.0;
				PRODUCT_BUNDLE_IDENTIFIER = com.brettrosen.ShotsTests;
				PRODUCT_NAME = "$(TARGET_NAME)";
				SWIFT_EMIT_LOC_STRINGS = NO;
				SWIFT_VERSION = 5.0;
				TARGETED_DEVICE_FAMILY = "1,2";
				TEST_HOST = "$(BUILT_PRODUCTS_DIR)/Shots.app/$(BUNDLE_EXECUTABLE_FOLDER_PATH)/Shots";
			};
			name = Release;
		};
		1F5283732B23D338000F5260 /* Debug */ = {
			isa = XCBuildConfiguration;
			buildSettings = {
				ALWAYS_EMBED_SWIFT_STANDARD_LIBRARIES = YES;
				CODE_SIGN_STYLE = Automatic;
				CURRENT_PROJECT_VERSION = 1;
				DEVELOPMENT_TEAM = Z2HT5GMEGY;
				GENERATE_INFOPLIST_FILE = YES;
				MARKETING_VERSION = 1.0;
				PRODUCT_BUNDLE_IDENTIFIER = com.brettrosen.ShotsUITests;
				PRODUCT_NAME = "$(TARGET_NAME)";
				SWIFT_EMIT_LOC_STRINGS = NO;
				SWIFT_VERSION = 5.0;
				TARGETED_DEVICE_FAMILY = "1,2";
				TEST_TARGET_NAME = Shots;
			};
			name = Debug;
		};
		1F5283742B23D338000F5260 /* Release */ = {
			isa = XCBuildConfiguration;
			buildSettings = {
				ALWAYS_EMBED_SWIFT_STANDARD_LIBRARIES = YES;
				CODE_SIGN_STYLE = Automatic;
				CURRENT_PROJECT_VERSION = 1;
				DEVELOPMENT_TEAM = Z2HT5GMEGY;
				GENERATE_INFOPLIST_FILE = YES;
				MARKETING_VERSION = 1.0;
				PRODUCT_BUNDLE_IDENTIFIER = com.brettrosen.ShotsUITests;
				PRODUCT_NAME = "$(TARGET_NAME)";
				SWIFT_EMIT_LOC_STRINGS = NO;
				SWIFT_VERSION = 5.0;
				TARGETED_DEVICE_FAMILY = "1,2";
				TEST_TARGET_NAME = Shots;
			};
			name = Release;
		};
/* End XCBuildConfiguration section */

/* Begin XCConfigurationList section */
		1F5283432B23D336000F5260 /* Build configuration list for PBXProject "Shots" */ = {
			isa = XCConfigurationList;
			buildConfigurations = (
				1F52836A2B23D338000F5260 /* Debug */,
				1F52836B2B23D338000F5260 /* Release */,
			);
			defaultConfigurationIsVisible = 0;
			defaultConfigurationName = Release;
		};
		1F52836C2B23D338000F5260 /* Build configuration list for PBXNativeTarget "Shots" */ = {
			isa = XCConfigurationList;
			buildConfigurations = (
				1F52836D2B23D338000F5260 /* Debug */,
				1F52836E2B23D338000F5260 /* Release */,
			);
			defaultConfigurationIsVisible = 0;
			defaultConfigurationName = Release;
		};
		1F52836F2B23D338000F5260 /* Build configuration list for PBXNativeTarget "ShotsTests" */ = {
			isa = XCConfigurationList;
			buildConfigurations = (
				1F5283702B23D338000F5260 /* Debug */,
				1F5283712B23D338000F5260 /* Release */,
			);
			defaultConfigurationIsVisible = 0;
			defaultConfigurationName = Release;
		};
		1F5283722B23D338000F5260 /* Build configuration list for PBXNativeTarget "ShotsUITests" */ = {
			isa = XCConfigurationList;
			buildConfigurations = (
				1F5283732B23D338000F5260 /* Debug */,
				1F5283742B23D338000F5260 /* Release */,
			);
			defaultConfigurationIsVisible = 0;
			defaultConfigurationName = Release;
		};
/* End XCConfigurationList section */

/* Begin XCRemoteSwiftPackageReference section */
		1F2373912B50A9970023EE55 /* XCRemoteSwiftPackageReference "firebase-ios-sdk" */ = {
			isa = XCRemoteSwiftPackageReference;
			repositoryURL = "https://github.com/firebase/firebase-ios-sdk.git";
			requirement = {
				kind = upToNextMajorVersion;
				minimumVersion = 10.19.1;
			};
		};
		1F5283752B23D4B7000F5260 /* XCRemoteSwiftPackageReference "swift-composable-architecture" */ = {
			isa = XCRemoteSwiftPackageReference;
			repositoryURL = "https://github.com/pointfreeco/swift-composable-architecture.git";
			requirement = {
				kind = upToNextMajorVersion;
				minimumVersion = 1.5.3;
			};
		};
		1F5283802B23DDF6000F5260 /* XCRemoteSwiftPackageReference "BetterCodable" */ = {
			isa = XCRemoteSwiftPackageReference;
			repositoryURL = "https://github.com/marksands/BetterCodable.git";
			requirement = {
				kind = upToNextMajorVersion;
				minimumVersion = 0.4.0;
			};
		};
/* End XCRemoteSwiftPackageReference section */

/* Begin XCSwiftPackageProductDependency section */
		1F2373922B50A9970023EE55 /* FirebaseAnalytics */ = {
			isa = XCSwiftPackageProductDependency;
			package = 1F2373912B50A9970023EE55 /* XCRemoteSwiftPackageReference "firebase-ios-sdk" */;
			productName = FirebaseAnalytics;
		};
		1F2373942B50A9970023EE55 /* FirebaseAnalyticsOnDeviceConversion */ = {
			isa = XCSwiftPackageProductDependency;
			package = 1F2373912B50A9970023EE55 /* XCRemoteSwiftPackageReference "firebase-ios-sdk" */;
			productName = FirebaseAnalyticsOnDeviceConversion;
		};
		1F2373962B50A9970023EE55 /* FirebaseAnalyticsSwift */ = {
			isa = XCSwiftPackageProductDependency;
			package = 1F2373912B50A9970023EE55 /* XCRemoteSwiftPackageReference "firebase-ios-sdk" */;
			productName = FirebaseAnalyticsSwift;
		};
		1F2373982B50A9970023EE55 /* FirebaseAnalyticsWithoutAdIdSupport */ = {
			isa = XCSwiftPackageProductDependency;
			package = 1F2373912B50A9970023EE55 /* XCRemoteSwiftPackageReference "firebase-ios-sdk" */;
			productName = FirebaseAnalyticsWithoutAdIdSupport;
		};
		1F23739A2B50A9970023EE55 /* FirebaseAppCheck */ = {
			isa = XCSwiftPackageProductDependency;
			package = 1F2373912B50A9970023EE55 /* XCRemoteSwiftPackageReference "firebase-ios-sdk" */;
			productName = FirebaseAppCheck;
		};
		1F23739C2B50A9970023EE55 /* FirebaseAppDistribution-Beta */ = {
			isa = XCSwiftPackageProductDependency;
			package = 1F2373912B50A9970023EE55 /* XCRemoteSwiftPackageReference "firebase-ios-sdk" */;
			productName = "FirebaseAppDistribution-Beta";
		};
		1F23739E2B50A9970023EE55 /* FirebaseAuth */ = {
			isa = XCSwiftPackageProductDependency;
			package = 1F2373912B50A9970023EE55 /* XCRemoteSwiftPackageReference "firebase-ios-sdk" */;
			productName = FirebaseAuth;
		};
		1F2373A02B50A9970023EE55 /* FirebaseAuthCombine-Community */ = {
			isa = XCSwiftPackageProductDependency;
			package = 1F2373912B50A9970023EE55 /* XCRemoteSwiftPackageReference "firebase-ios-sdk" */;
			productName = "FirebaseAuthCombine-Community";
		};
		1F2373A22B50A9970023EE55 /* FirebaseCrashlytics */ = {
			isa = XCSwiftPackageProductDependency;
			package = 1F2373912B50A9970023EE55 /* XCRemoteSwiftPackageReference "firebase-ios-sdk" */;
			productName = FirebaseCrashlytics;
		};
		1F2373A42B50A9970023EE55 /* FirebaseDatabase */ = {
			isa = XCSwiftPackageProductDependency;
			package = 1F2373912B50A9970023EE55 /* XCRemoteSwiftPackageReference "firebase-ios-sdk" */;
			productName = FirebaseDatabase;
		};
		1F2373A62B50A9970023EE55 /* FirebaseDatabaseSwift */ = {
			isa = XCSwiftPackageProductDependency;
			package = 1F2373912B50A9970023EE55 /* XCRemoteSwiftPackageReference "firebase-ios-sdk" */;
			productName = FirebaseDatabaseSwift;
		};
		1F2373A82B50A9970023EE55 /* FirebaseDynamicLinks */ = {
			isa = XCSwiftPackageProductDependency;
			package = 1F2373912B50A9970023EE55 /* XCRemoteSwiftPackageReference "firebase-ios-sdk" */;
			productName = FirebaseDynamicLinks;
		};
		1F2373AA2B50A9970023EE55 /* FirebaseFirestore */ = {
			isa = XCSwiftPackageProductDependency;
			package = 1F2373912B50A9970023EE55 /* XCRemoteSwiftPackageReference "firebase-ios-sdk" */;
			productName = FirebaseFirestore;
		};
		1F2373AC2B50A9970023EE55 /* FirebaseFirestoreCombine-Community */ = {
			isa = XCSwiftPackageProductDependency;
			package = 1F2373912B50A9970023EE55 /* XCRemoteSwiftPackageReference "firebase-ios-sdk" */;
			productName = "FirebaseFirestoreCombine-Community";
		};
		1F2373AE2B50A9970023EE55 /* FirebaseFirestoreSwift */ = {
			isa = XCSwiftPackageProductDependency;
			package = 1F2373912B50A9970023EE55 /* XCRemoteSwiftPackageReference "firebase-ios-sdk" */;
			productName = FirebaseFirestoreSwift;
		};
		1F2373B02B50A9970023EE55 /* FirebaseFunctions */ = {
			isa = XCSwiftPackageProductDependency;
			package = 1F2373912B50A9970023EE55 /* XCRemoteSwiftPackageReference "firebase-ios-sdk" */;
			productName = FirebaseFunctions;
		};
		1F2373B22B50A9970023EE55 /* FirebaseFunctionsCombine-Community */ = {
			isa = XCSwiftPackageProductDependency;
			package = 1F2373912B50A9970023EE55 /* XCRemoteSwiftPackageReference "firebase-ios-sdk" */;
			productName = "FirebaseFunctionsCombine-Community";
		};
		1F2373B42B50A9970023EE55 /* FirebaseInAppMessaging-Beta */ = {
			isa = XCSwiftPackageProductDependency;
			package = 1F2373912B50A9970023EE55 /* XCRemoteSwiftPackageReference "firebase-ios-sdk" */;
			productName = "FirebaseInAppMessaging-Beta";
		};
		1F2373B62B50A9970023EE55 /* FirebaseInAppMessagingSwift-Beta */ = {
			isa = XCSwiftPackageProductDependency;
			package = 1F2373912B50A9970023EE55 /* XCRemoteSwiftPackageReference "firebase-ios-sdk" */;
			productName = "FirebaseInAppMessagingSwift-Beta";
		};
		1F2373B82B50A9970023EE55 /* FirebaseInstallations */ = {
			isa = XCSwiftPackageProductDependency;
			package = 1F2373912B50A9970023EE55 /* XCRemoteSwiftPackageReference "firebase-ios-sdk" */;
			productName = FirebaseInstallations;
		};
		1F2373BA2B50A9970023EE55 /* FirebaseMessaging */ = {
			isa = XCSwiftPackageProductDependency;
			package = 1F2373912B50A9970023EE55 /* XCRemoteSwiftPackageReference "firebase-ios-sdk" */;
			productName = FirebaseMessaging;
		};
		1F2373BC2B50A9970023EE55 /* FirebasePerformance */ = {
			isa = XCSwiftPackageProductDependency;
			package = 1F2373912B50A9970023EE55 /* XCRemoteSwiftPackageReference "firebase-ios-sdk" */;
			productName = FirebasePerformance;
		};
		1F2373BE2B50A9970023EE55 /* FirebaseRemoteConfig */ = {
			isa = XCSwiftPackageProductDependency;
			package = 1F2373912B50A9970023EE55 /* XCRemoteSwiftPackageReference "firebase-ios-sdk" */;
			productName = FirebaseRemoteConfig;
		};
		1F2373C02B50A9970023EE55 /* FirebaseRemoteConfigSwift */ = {
			isa = XCSwiftPackageProductDependency;
			package = 1F2373912B50A9970023EE55 /* XCRemoteSwiftPackageReference "firebase-ios-sdk" */;
			productName = FirebaseRemoteConfigSwift;
		};
		1F2373C22B50A9970023EE55 /* FirebaseStorage */ = {
			isa = XCSwiftPackageProductDependency;
			package = 1F2373912B50A9970023EE55 /* XCRemoteSwiftPackageReference "firebase-ios-sdk" */;
			productName = FirebaseStorage;
		};
		1F2373C42B50A9970023EE55 /* FirebaseStorageCombine-Community */ = {
			isa = XCSwiftPackageProductDependency;
			package = 1F2373912B50A9970023EE55 /* XCRemoteSwiftPackageReference "firebase-ios-sdk" */;
			productName = "FirebaseStorageCombine-Community";
		};
		1F5283762B23D4B7000F5260 /* ComposableArchitecture */ = {
			isa = XCSwiftPackageProductDependency;
			package = 1F5283752B23D4B7000F5260 /* XCRemoteSwiftPackageReference "swift-composable-architecture" */;
			productName = ComposableArchitecture;
		};
		1F5283812B23DDF6000F5260 /* BetterCodable */ = {
			isa = XCSwiftPackageProductDependency;
			package = 1F5283802B23DDF6000F5260 /* XCRemoteSwiftPackageReference "BetterCodable" */;
			productName = BetterCodable;
		};
/* End XCSwiftPackageProductDependency section */
	};
	rootObject = 1F5283402B23D336000F5260 /* Project object */;
}
